<?xml version="1.0" encoding="utf-8"?>
<Project ToolsVersion="4.0" xmlns="http://schemas.microsoft.com/developer/msbuild/2003">
  <ItemGroup>
    <ClCompile Include="Channel.cpp" />
    <ClCompile Include="EventLoop.cpp" />
    <ClCompile Include="main.cpp" />
    <ClCompile Include="Poller.cpp" />
    <ClCompile Include="TimerQueue.cpp" />
    <ClCompile Include="Timestamp.cpp" />
    <ClCompile Include="base\CurrentThread.cc">
      <Filter>base</Filter>
    </ClCompile>
    <ClCompile Include="base\Date.cc">
      <Filter>base</Filter>
    </ClCompile>
    <ClCompile Include="base\Exception.cc">
      <Filter>base</Filter>
    </ClCompile>
    <ClCompile Include="base\FileUtil.cc">
      <Filter>base</Filter>
    </ClCompile>
    <ClCompile Include="base\LogFile.cc">
      <Filter>base</Filter>
    </ClCompile>
    <ClCompile Include="base\Logger.cc">
      <Filter>base</Filter>
    </ClCompile>
    <ClCompile Include="base\LogStream.cc">
      <Filter>base</Filter>
    </ClCompile>
    <ClCompile Include="base\ProcessInfo.cc">
      <Filter>base</Filter>
    </ClCompile>
    <ClCompile Include="base\Thread.cc">
      <Filter>base</Filter>
    </ClCompile>
    <ClCompile Include="base\ThreadPool.cc">
      <Filter>base</Filter>
    </ClCompile>
    <ClCompile Include="base\Timestamp.cc">
      <Filter>base</Filter>
    </ClCompile>
    <ClCompile Include="base\TimeZone.cc">
      <Filter>base</Filter>
    </ClCompile>
    <ClCompile Include="EventLoopThread.cpp" />
    <ClCompile Include="Thread.cpp" />
    <ClCompile Include="Acceptor.cpp" />
    <ClCompile Include="Socket.cpp" />
    <ClCompile Include="InetAddress.cc" />
    <ClCompile Include="SocketsOps.cc" />
  </ItemGroup>
  <ItemGroup>
    <ClInclude Include="Channel.h" />
    <ClInclude Include="EventLoop.h" />
    <ClInclude Include="Poller.h" />
    <ClInclude Include="Timer.h" />
    <ClInclude Include="TimerQueue.h" />
    <ClInclude Include="Timestamp.h" />
    <ClInclude Include="base\Any.h">
      <Filter>base</Filter>
    </ClInclude>
    <ClInclude Include="base\BlockingQueue.h">
      <Filter>base</Filter>
    </ClInclude>
    <ClInclude Include="base\BoundedBlockingQueue.h">
      <Filter>base</Filter>
    </ClInclude>
    <ClInclude Include="base\Copyable.h">
      <Filter>base</Filter>
    </ClInclude>
    <ClInclude Include="base\CountDownLatch.h">
      <Filter>base</Filter>
    </ClInclude>
    <ClInclude Include="base\CurrentThread.h">
      <Filter>base</Filter>
    </ClInclude>
    <ClInclude Include="base\Date.h">
      <Filter>base</Filter>
    </ClInclude>
    <ClInclude Include="base\Exception.h">
      <Filter>base</Filter>
    </ClInclude>
    <ClInclude Include="base\FileUtil.h">
      <Filter>base</Filter>
    </ClInclude>
    <ClInclude Include="base\LogFile.h">
      <Filter>base</Filter>
    </ClInclude>
    <ClInclude Include="base\Logger.h">
      <Filter>base</Filter>
    </ClInclude>
    <ClInclude Include="base\LogStream.h">
      <Filter>base</Filter>
    </ClInclude>
    <ClInclude Include="base\NonCopyable.h">
      <Filter>base</Filter>
    </ClInclude>
    <ClInclude Include="base\ProcessInfo.h">
      <Filter>base</Filter>
    </ClInclude>
    <ClInclude Include="base\RingBuffer.h">
      <Filter>base</Filter>
    </ClInclude>
    <ClInclude Include="base\StringPiece.h">
      <Filter>base</Filter>
    </ClInclude>
    <ClInclude Include="base\Thread.h">
      <Filter>base</Filter>
    </ClInclude>
    <ClInclude Include="base\ThreadPool.h">
      <Filter>base</Filter>
    </ClInclude>
    <ClInclude Include="base\Timestamp.h">
      <Filter>base</Filter>
    </ClInclude>
    <ClInclude Include="base\TimeZone.h">
      <Filter>base</Filter>
    </ClInclude>
    <ClInclude Include="base\Types.h">
      <Filter>base</Filter>
    </ClInclude>
    <ClInclude Include="base\WeakCallback.h">
      <Filter>base</Filter>
    </ClInclude>
    <ClInclude Include="CountDownLatch.h" />
    <ClInclude Include="EventLoopThread.h" />
    <ClInclude Include="Acceptor.h" />
    <ClInclude Include="Socket.h" />
    <ClInclude Include="InetAddress.h" />
    <ClInclude Include="SocketsOps.h" />
  </ItemGroup>
  <ItemGroup>
    <Filter Include="base">
      <UniqueIdentifier>{392c3a17-eca9-4ba0-ab3d-1eaca45bcb0a}</UniqueIdentifier>
    </Filter>
  </ItemGroup>
  <ItemGroup>
    <Text Include="base\CMakeLists.txt">
      <Filter>base</Filter>
    </Text>
  </ItemGroup>
</Project>